
Microsoft Visual Studio Solution File, Format Version 12.00
# Visual Studio Version 16
VisualStudioVersion = 16.0.29326.143
MinimumVisualStudioVersion = 10.0.40219.1
Project("{2150E333-8FDC-42A3-9474-1A3956D46DE8}") = "src", "src", "{1B508E5E-D1AA-4D76-820A-3389DC47C702}"
EndProject
Project("{9A19103F-16F7-4668-BE54-9A1E7A4F7556}") = "Market.Core", "Market.Core\Market.Core.csproj", "{192950E2-15FA-4C03-8224-07231817822C}"
EndProject
Project("{9A19103F-16F7-4668-BE54-9A1E7A4F7556}") = "Market.Infrastructure", "Market.Infrastructure\Market.Infrastructure.csproj", "{5986DE2D-A014-42F5-9817-9B77380229D4}"
EndProject
Project("{9A19103F-16F7-4668-BE54-9A1E7A4F7556}") = "Market.Api", "Market.Api\Market.Api.csproj", "{5EF1D6AB-F528-4E40-BB6D-016F462D1080}"
EndProject
Project("{FAE04EC0-301F-11D3-BF4B-00C04F79EFBC}") = "Market.Web", "Market.Web\Market.Web.csproj", "{1C992D2A-BCC3-4F7A-80F9-CFA9C2258A9B}"
EndProject
Global
	GlobalSection(SolutionConfigurationPlatforms) = preSolution
		Debug|Any CPU = Debug|Any CPU
		Release|Any CPU = Release|Any CPU
	EndGlobalSection
	GlobalSection(ProjectConfigurationPlatforms) = postSolution
		{192950E2-15FA-4C03-8224-07231817822C}.Debug|Any CPU.ActiveCfg = Debug|Any CPU
		{192950E2-15FA-4C03-8224-07231817822C}.Debug|Any CPU.Build.0 = Debug|Any CPU
		{192950E2-15FA-4C03-8224-07231817822C}.Release|Any CPU.ActiveCfg = Release|Any CPU
		{192950E2-15FA-4C03-8224-07231817822C}.Release|Any CPU.Build.0 = Release|Any CPU
		{5986DE2D-A014-42F5-9817-9B77380229D4}.Debug|Any CPU.ActiveCfg = Debug|Any CPU
		{5986DE2D-A014-42F5-9817-9B77380229D4}.Debug|Any CPU.Build.0 = Debug|Any CPU
		{5986DE2D-A014-42F5-9817-9B77380229D4}.Release|Any CPU.ActiveCfg = Release|Any CPU
		{5986DE2D-A014-42F5-9817-9B77380229D4}.Release|Any CPU.Build.0 = Release|Any CPU
		{5EF1D6AB-F528-4E40-BB6D-016F462D1080}.Debug|Any CPU.ActiveCfg = Debug|Any CPU
		{5EF1D6AB-F528-4E40-BB6D-016F462D1080}.Debug|Any CPU.Build.0 = Debug|Any CPU
		{5EF1D6AB-F528-4E40-BB6D-016F462D1080}.Release|Any CPU.ActiveCfg = Release|Any CPU
		{5EF1D6AB-F528-4E40-BB6D-016F462D1080}.Release|Any CPU.Build.0 = Release|Any CPU
		{1C992D2A-BCC3-4F7A-80F9-CFA9C2258A9B}.Debug|Any CPU.ActiveCfg = Debug|Any CPU
		{1C992D2A-BCC3-4F7A-80F9-CFA9C2258A9B}.Debug|Any CPU.Build.0 = Debug|Any CPU
		{1C992D2A-BCC3-4F7A-80F9-CFA9C2258A9B}.Release|Any CPU.ActiveCfg = Release|Any CPU
		{1C992D2A-BCC3-4F7A-80F9-CFA9C2258A9B}.Release|Any CPU.Build.0 = Release|Any CPU
	EndGlobalSection
	GlobalSection(SolutionProperties) = preSolution
		HideSolutionNode = FALSE
	EndGlobalSection
	GlobalSection(NestedProjects) = preSolution
		{192950E2-15FA-4C03-8224-07231817822C} = {1B508E5E-D1AA-4D76-820A-3389DC47C702}
		{5986DE2D-A014-42F5-9817-9B77380229D4} = {1B508E5E-D1AA-4D76-820A-3389DC47C702}
		{5EF1D6AB-F528-4E40-BB6D-016F462D1080} = {1B508E5E-D1AA-4D76-820A-3389DC47C702}
		{1C992D2A-BCC3-4F7A-80F9-CFA9C2258A9B} = {1B508E5E-D1AA-4D76-820A-3389DC47C702}
	EndGlobalSection
	GlobalSection(ExtensibilityGlobals) = postSolution
		SolutionGuid = {09A2F55F-6D6E-487A-BCCC-6AE5BFDADABE}
	EndGlobalSection
EndGlobal
